
Microsoft Visual Studio Solution File, Format Version 12.00
# Visual Studio Version 17
VisualStudioVersion = 17.8.34309.116
MinimumVisualStudioVersion = 10.0.40219.1
Project("{FAE04EC0-301F-11D3-BF4B-00C04F79EFBC}") = "VPN_Throttle_Detection", "VPN_Throttle_Detection.csproj", "{6AA7AD4B-B0A5-44A5-9310-9EC27D2CBEBF}"
EndProject
Global
	GlobalSection(SolutionConfigurationPlatforms) = preSolution
		Debug|Any CPU = Debug|Any CPU
		Release|Any CPU = Release|Any CPU
	EndGlobalSection
	GlobalSection(ProjectConfigurationPlatforms) = postSolution
		{6AA7AD4B-B0A5-44A5-9310-9EC27D2CBEBF}.Debug|Any CPU.ActiveCfg = Debug|Any CPU
		{6AA7AD4B-B0A5-44A5-9310-9EC27D2CBEBF}.Debug|Any CPU.Build.0 = Debug|Any CPU
		{6AA7AD4B-B0A5-44A5-9310-9EC27D2CBEBF}.Release|Any CPU.ActiveCfg = Release|Any CPU
		{6AA7AD4B-B0A5-44A5-9310-9EC27D2CBEBF}.Release|Any CPU.Build.0 = Release|Any CPU
	EndGlobalSection
	GlobalSection(SolutionProperties) = preSolution
		HideSolutionNode = FALSE
	EndGlobalSection
	GlobalSection(ExtensibilityGlobals) = postSolution
		SolutionGuid = {DFAF0573-E20C-4A82-BDC5-6F0324743EF1}
	EndGlobalSection
EndGlobal
